
Microsoft Visual Studio Solution File, Format Version 12.00
# Visual Studio Version 17
VisualStudioVersion = 17.11.35222.181
MinimumVisualStudioVersion = 10.0.40219.1
Project("{FAE04EC0-301F-11D3-BF4B-00C04F79EFBC}") = "main", "main\main.csproj", "{475A12BC-684C-460A-AAA6-8CC0D35AD21B}"
EndProject
Project("{FAE04EC0-301F-11D3-BF4B-00C04F79EFBC}") = "music_store", "music_store\music_store.csproj", "{63F81168-4FD6-4BE7-8152-68DDF1C71750}"
EndProject
Global
	GlobalSection(SolutionConfigurationPlatforms) = preSolution
		Debug|Any CPU = Debug|Any CPU
		Release|Any CPU = Release|Any CPU
	EndGlobalSection
	GlobalSection(ProjectConfigurationPlatforms) = postSolution
		{475A12BC-684C-460A-AAA6-8CC0D35AD21B}.Debug|Any CPU.ActiveCfg = Debug|Any CPU
		{475A12BC-684C-460A-AAA6-8CC0D35AD21B}.Debug|Any CPU.Build.0 = Debug|Any CPU
		{475A12BC-684C-460A-AAA6-8CC0D35AD21B}.Release|Any CPU.ActiveCfg = Release|Any CPU
		{475A12BC-684C-460A-AAA6-8CC0D35AD21B}.Release|Any CPU.Build.0 = Release|Any CPU
		{63F81168-4FD6-4BE7-8152-68DDF1C71750}.Debug|Any CPU.ActiveCfg = Debug|Any CPU
		{63F81168-4FD6-4BE7-8152-68DDF1C71750}.Debug|Any CPU.Build.0 = Debug|Any CPU
		{63F81168-4FD6-4BE7-8152-68DDF1C71750}.Release|Any CPU.ActiveCfg = Release|Any CPU
		{63F81168-4FD6-4BE7-8152-68DDF1C71750}.Release|Any CPU.Build.0 = Release|Any CPU
	EndGlobalSection
	GlobalSection(SolutionProperties) = preSolution
		HideSolutionNode = FALSE
	EndGlobalSection
	GlobalSection(ExtensibilityGlobals) = postSolution
		SolutionGuid = {0933B3ED-6E36-41AC-9871-825AE4B92FA2}
	EndGlobalSection
EndGlobal
