
Microsoft Visual Studio Solution File, Format Version 12.00
# Visual Studio Version 17
VisualStudioVersion = 17.11.35222.181
MinimumVisualStudioVersion = 10.0.40219.1
Project("{9A19103F-16F7-4668-BE54-9A1E7A4F7556}") = "writerBio", "writerBio\writerBio.csproj", "{BFB7008B-A077-4A2E-A095-7A520633EDDA}"
EndProject
Project("{FAE04EC0-301F-11D3-BF4B-00C04F79EFBC}") = "carList", "carList\carList.csproj", "{E2342677-D14D-43FB-B90F-BEB46FA30DF1}"
EndProject
Global
	GlobalSection(SolutionConfigurationPlatforms) = preSolution
		Debug|Any CPU = Debug|Any CPU
		Release|Any CPU = Release|Any CPU
	EndGlobalSection
	GlobalSection(ProjectConfigurationPlatforms) = postSolution
		{BFB7008B-A077-4A2E-A095-7A520633EDDA}.Debug|Any CPU.ActiveCfg = Debug|Any CPU
		{BFB7008B-A077-4A2E-A095-7A520633EDDA}.Debug|Any CPU.Build.0 = Debug|Any CPU
		{BFB7008B-A077-4A2E-A095-7A520633EDDA}.Release|Any CPU.ActiveCfg = Release|Any CPU
		{BFB7008B-A077-4A2E-A095-7A520633EDDA}.Release|Any CPU.Build.0 = Release|Any CPU
		{E2342677-D14D-43FB-B90F-BEB46FA30DF1}.Debug|Any CPU.ActiveCfg = Debug|Any CPU
		{E2342677-D14D-43FB-B90F-BEB46FA30DF1}.Debug|Any CPU.Build.0 = Debug|Any CPU
		{E2342677-D14D-43FB-B90F-BEB46FA30DF1}.Release|Any CPU.ActiveCfg = Release|Any CPU
		{E2342677-D14D-43FB-B90F-BEB46FA30DF1}.Release|Any CPU.Build.0 = Release|Any CPU
	EndGlobalSection
	GlobalSection(SolutionProperties) = preSolution
		HideSolutionNode = FALSE
	EndGlobalSection
	GlobalSection(ExtensibilityGlobals) = postSolution
		SolutionGuid = {6D4DC1E9-2BD6-406E-921C-64D1AE9722A2}
	EndGlobalSection
EndGlobal
